// !$*UTF8*$!
{
	archiveVersion = 1;
	classes = {
	};
	objectVersion = 56;
	objects = {

/* Begin PBXBuildFile section */
		06A005911F2C4C4E94521C43 /* ModelDownloadManager.swift in Sources */ = {isa = PBXBuildFile; fileRef = 3EE34A3E0DDE4FCCB475D233 /* ModelDownloadManager.swift */; };
		16AEC88DF0C52C7881050A20 /* GenerationMetrics.swift in Sources */ = {isa = PBXBuildFile; fileRef = 4B8C24837CE949648B8E6CB3 /* GenerationMetrics.swift */; };
		35118592C1554398BD69950F /* ModelPickerView.swift in Sources */ = {isa = PBXBuildFile; fileRef = 8420F78F02B9487A96DC7C27 /* ModelPickerView.swift */; };
		652886C02E996FD90023C018 /* MLXModelConfig.swift in Sources */ = {isa = PBXBuildFile; fileRef = 652886BF2E996FD90023C018 /* MLXModelConfig.swift */; };
		653ADA712E9C02850053C11B /* ModelParameters.swift in Sources */ = {isa = PBXBuildFile; fileRef = 653ADA702E9C02850053C11B /* ModelParameters.swift */; };
		6584073E2E9E60160050ED36 /* DeviceCapabilities.swift in Sources */ = {isa = PBXBuildFile; fileRef = 6584073C2E9E60160050ED36 /* DeviceCapabilities.swift */; };
		658407422E9E60E40050ED36 /* Assets.xcassets in Resources */ = {isa = PBXBuildFile; fileRef = 658407412E9E60E40050ED36 /* Assets.xcassets */; };
		65E298C72E983EFF0089FCD2 /* MLX in Frameworks */ = {isa = PBXBuildFile; productRef = MLX00003 /* MLX */; };
		65E298C82E983EFF0089FCD2 /* MLXLLM in Frameworks */ = {isa = PBXBuildFile; productRef = MLX00004 /* MLXLLM */; };
		65E298C92E983EFF0089FCD2 /* MLXLMCommon in Frameworks */ = {isa = PBXBuildFile; productRef = MLX00005 /* MLXLMCommon */; };
		65E298CF2E985F120089FCD2 /* ModelDownloadView.swift in Sources */ = {isa = PBXBuildFile; fileRef = 65E298CE2E985F120089FCD2 /* ModelDownloadView.swift */; };
		6A0C1BFA4F44DD838079F711 /* SettingsView.swift in Sources */ = {isa = PBXBuildFile; fileRef = 081CE646B442F67024249E1F /* SettingsView.swift */; };
		A0000001 /* LLMVoiceApp.swift in Sources */ = {isa = PBXBuildFile; fileRef = A0000002 /* LLMVoiceApp.swift */; };
		A0000003 /* ContentView.swift in Sources */ = {isa = PBXBuildFile; fileRef = A0000004 /* ContentView.swift */; };
		A0000007 /* Summary.swift in Sources */ = {isa = PBXBuildFile; fileRef = A0000008 /* Summary.swift */; };
		A0000009 /* AudioManager.swift in Sources */ = {isa = PBXBuildFile; fileRef = A000000A /* AudioManager.swift */; };
		A000000B /* TranscriptionManager.swift in Sources */ = {isa = PBXBuildFile; fileRef = A000000C /* TranscriptionManager.swift */; };
		A000000D /* SummarizationManager.swift in Sources */ = {isa = PBXBuildFile; fileRef = A000000E /* SummarizationManager.swift */; };
		A000000F /* RecordingViewModel.swift in Sources */ = {isa = PBXBuildFile; fileRef = A0000010 /* RecordingViewModel.swift */; };
		A0000011 /* SummaryRow.swift in Sources */ = {isa = PBXBuildFile; fileRef = A0000012 /* SummaryRow.swift */; };
		A0000013 /* FloatingRecordButton.swift in Sources */ = {isa = PBXBuildFile; fileRef = A0000014 /* FloatingRecordButton.swift */; };
		LANGB001 /* TranscriptionLanguage.swift in Sources */ = {isa = PBXBuildFile; fileRef = LANG0001 /* TranscriptionLanguage.swift */; };
		MLXB0001 /* MLXSummarizationManager.swift in Sources */ = {isa = PBXBuildFile; fileRef = MLXF0001 /* MLXSummarizationManager.swift */; };
		MLXB0002 /* ModelDownloadState.swift in Sources */ = {isa = PBXBuildFile; fileRef = MLXF0002 /* ModelDownloadState.swift */; };
		STRM0002 /* StreamingMetricsView.swift in Sources */ = {isa = PBXBuildFile; fileRef = STRM0001 /* StreamingMetricsView.swift */; };
/* End PBXBuildFile section */

/* Begin PBXFileReference section */
		081CE646B442F67024249E1F /* SettingsView.swift */ = {isa = PBXFileReference; lastKnownFileType = sourcecode.swift; path = SettingsView.swift; sourceTree = "<group>"; };
		3EE34A3E0DDE4FCCB475D233 /* ModelDownloadManager.swift */ = {isa = PBXFileReference; lastKnownFileType = sourcecode.swift; path = ModelDownloadManager.swift; sourceTree = "<group>"; };
		4B8C24837CE949648B8E6CB3 /* GenerationMetrics.swift */ = {isa = PBXFileReference; lastKnownFileType = sourcecode.swift; path = GenerationMetrics.swift; sourceTree = "<group>"; };
		652886BF2E996FD90023C018 /* MLXModelConfig.swift */ = {isa = PBXFileReference; lastKnownFileType = sourcecode.swift; path = MLXModelConfig.swift; sourceTree = "<group>"; };
		653ADA702E9C02850053C11B /* ModelParameters.swift */ = {isa = PBXFileReference; lastKnownFileType = sourcecode.swift; path = ModelParameters.swift; sourceTree = "<group>"; };
		6584073C2E9E60160050ED36 /* DeviceCapabilities.swift */ = {isa = PBXFileReference; lastKnownFileType = sourcecode.swift; path = DeviceCapabilities.swift; sourceTree = "<group>"; };
		658407412E9E60E40050ED36 /* Assets.xcassets */ = {isa = PBXFileReference; lastKnownFileType = folder.assetcatalog; path = Assets.xcassets; sourceTree = "<group>"; };
		65E298CE2E985F120089FCD2 /* ModelDownloadView.swift */ = {isa = PBXFileReference; lastKnownFileType = sourcecode.swift; path = ModelDownloadView.swift; sourceTree = "<group>"; };
		8420F78F02B9487A96DC7C27 /* ModelPickerView.swift */ = {isa = PBXFileReference; lastKnownFileType = sourcecode.swift; path = ModelPickerView.swift; sourceTree = "<group>"; };
		A0000002 /* LLMVoiceApp.swift */ = {isa = PBXFileReference; lastKnownFileType = sourcecode.swift; path = LLMVoiceApp.swift; sourceTree = "<group>"; };
		A0000004 /* ContentView.swift */ = {isa = PBXFileReference; lastKnownFileType = sourcecode.swift; path = ContentView.swift; sourceTree = "<group>"; };
		A0000008 /* Summary.swift */ = {isa = PBXFileReference; lastKnownFileType = sourcecode.swift; path = Summary.swift; sourceTree = "<group>"; };
		A000000A /* AudioManager.swift */ = {isa = PBXFileReference; lastKnownFileType = sourcecode.swift; path = AudioManager.swift; sourceTree = "<group>"; };
		A000000C /* TranscriptionManager.swift */ = {isa = PBXFileReference; lastKnownFileType = sourcecode.swift; path = TranscriptionManager.swift; sourceTree = "<group>"; };
		A000000E /* SummarizationManager.swift */ = {isa = PBXFileReference; lastKnownFileType = sourcecode.swift; path = SummarizationManager.swift; sourceTree = "<group>"; };
		A0000010 /* RecordingViewModel.swift */ = {isa = PBXFileReference; lastKnownFileType = sourcecode.swift; path = RecordingViewModel.swift; sourceTree = "<group>"; };
		A0000012 /* SummaryRow.swift */ = {isa = PBXFileReference; lastKnownFileType = sourcecode.swift; path = SummaryRow.swift; sourceTree = "<group>"; };
		A0000014 /* FloatingRecordButton.swift */ = {isa = PBXFileReference; lastKnownFileType = sourcecode.swift; path = FloatingRecordButton.swift; sourceTree = "<group>"; };
		A0000015 /* LLMVoice.app */ = {isa = PBXFileReference; explicitFileType = wrapper.application; includeInIndex = 0; path = LLMVoice.app; sourceTree = BUILT_PRODUCTS_DIR; };
		A0000016 /* Info.plist */ = {isa = PBXFileReference; lastKnownFileType = text.plist.xml; path = Info.plist; sourceTree = "<group>"; };
		LANG0001 /* TranscriptionLanguage.swift */ = {isa = PBXFileReference; lastKnownFileType = sourcecode.swift; path = TranscriptionLanguage.swift; sourceTree = "<group>"; };
		MLXF0001 /* MLXSummarizationManager.swift */ = {isa = PBXFileReference; lastKnownFileType = sourcecode.swift; path = MLXSummarizationManager.swift; sourceTree = "<group>"; };
		MLXF0002 /* ModelDownloadState.swift */ = {isa = PBXFileReference; lastKnownFileType = sourcecode.swift; path = ModelDownloadState.swift; sourceTree = "<group>"; };
		STRM0001 /* StreamingMetricsView.swift */ = {isa = PBXFileReference; lastKnownFileType = sourcecode.swift; path = StreamingMetricsView.swift; sourceTree = "<group>"; };
/* End PBXFileReference section */

/* Begin PBXFrameworksBuildPhase section */
		A0000017 /* Frameworks */ = {
			isa = PBXFrameworksBuildPhase;
			buildActionMask = 2147483647;
			files = (
				65E298C92E983EFF0089FCD2 /* MLXLMCommon in Frameworks */,
				65E298C82E983EFF0089FCD2 /* MLXLLM in Frameworks */,
				65E298C72E983EFF0089FCD2 /* MLX in Frameworks */,
			);
			runOnlyForDeploymentPostprocessing = 0;
		};
/* End PBXFrameworksBuildPhase section */

/* Begin PBXGroup section */
		6584073D2E9E60160050ED36 /* Utilities */ = {
			isa = PBXGroup;
			children = (
				6584073C2E9E60160050ED36 /* DeviceCapabilities.swift */,
			);
			path = Utilities;
			sourceTree = "<group>";
		};
		A0000018 /* LLMVoice */ = {
			isa = PBXGroup;
			children = (
				A0000002 /* LLMVoiceApp.swift */,
				A0000019 /* Models */,
				A000001A /* Managers */,
				A000001B /* ViewModels */,
				A000001C /* Views */,
				A0000016 /* Info.plist */,
			);
			path = LLMVoice;
			sourceTree = "<group>";
		};
		A0000019 /* Models */ = {
			isa = PBXGroup;
			children = (
				653ADA702E9C02850053C11B /* ModelParameters.swift */,
				652886BF2E996FD90023C018 /* MLXModelConfig.swift */,
				MLXF0002 /* ModelDownloadState.swift */,
				LANG0001 /* TranscriptionLanguage.swift */,
				A0000008 /* Summary.swift */,
				4B8C24837CE949648B8E6CB3 /* GenerationMetrics.swift */,
			);
			path = Models;
			sourceTree = "<group>";
		};
		A000001A /* Managers */ = {
			isa = PBXGroup;
			children = (
				3EE34A3E0DDE4FCCB475D233 /* ModelDownloadManager.swift */,
				MLXF0001 /* MLXSummarizationManager.swift */,
				A000000A /* AudioManager.swift */,
				A000000C /* TranscriptionManager.swift */,
				A000000E /* SummarizationManager.swift */,
			);
			path = Managers;
			sourceTree = "<group>";
		};
		A000001B /* ViewModels */ = {
			isa = PBXGroup;
			children = (
				A0000010 /* RecordingViewModel.swift */,
			);
			path = ViewModels;
			sourceTree = "<group>";
		};
		A000001C /* Views */ = {
			isa = PBXGroup;
			children = (
				65E298CE2E985F120089FCD2 /* ModelDownloadView.swift */,
				8420F78F02B9487A96DC7C27 /* ModelPickerView.swift */,
				081CE646B442F67024249E1F /* SettingsView.swift */,
				A0000004 /* ContentView.swift */,
				STRM0001 /* StreamingMetricsView.swift */,
				A0000012 /* SummaryRow.swift */,
				A0000014 /* FloatingRecordButton.swift */,
			);
			path = Views;
			sourceTree = "<group>";
		};
		A000001D = {
			isa = PBXGroup;
			children = (
				658407412E9E60E40050ED36 /* Assets.xcassets */,
				6584073D2E9E60160050ED36 /* Utilities */,
				A0000018 /* LLMVoice */,
				A000001E /* Products */,
			);
			sourceTree = "<group>";
		};
		A000001E /* Products */ = {
			isa = PBXGroup;
			children = (
				A0000015 /* LLMVoice.app */,
			);
			name = Products;
			sourceTree = "<group>";
		};
/* End PBXGroup section */

/* Begin PBXNativeTarget section */
		A000001F /* LLMVoice */ = {
			isa = PBXNativeTarget;
			buildConfigurationList = A0000020 /* Build configuration list for PBXNativeTarget "LLMVoice" */;
			buildPhases = (
				A0000021 /* Sources */,
				A0000017 /* Frameworks */,
				A0000022 /* Resources */,
			);
			buildRules = (
			);
			dependencies = (
			);
			name = LLMVoice;
			packageProductDependencies = (
				MLX00003 /* MLX */,
				MLX00004 /* MLXLLM */,
				MLX00005 /* MLXLMCommon */,
			);
			productName = LLMVoice;
			productReference = A0000015 /* LLMVoice.app */;
			productType = "com.apple.product-type.application";
		};
/* End PBXNativeTarget section */

/* Begin PBXProject section */
		A0000023 /* Project object */ = {
			isa = PBXProject;
			attributes = {
				BuildIndependentTargetsInParallel = 1;
				LastSwiftUpdateCheck = 1600;
				LastUpgradeCheck = 2600;
				TargetAttributes = {
					A000001F = {
						CreatedOnToolsVersion = 16.0;
					};
				};
			};
			buildConfigurationList = A0000024 /* Build configuration list for PBXProject "LLMVoice" */;
			compatibilityVersion = "Xcode 14.0";
			developmentRegion = en;
			hasScannedForEncodings = 0;
			knownRegions = (
				en,
				Base,
			);
			mainGroup = A000001D;
			packageReferences = (
				MLX00001 /* XCRemoteSwiftPackageReference "mlx-swift" */,
				MLX00002 /* XCRemoteSwiftPackageReference "mlx-swift-examples" */,
			);
			productRefGroup = A000001E /* Products */;
			projectDirPath = "";
			projectRoot = "";
			targets = (
				A000001F /* LLMVoice */,
			);
		};
/* End PBXProject section */

/* Begin PBXResourcesBuildPhase section */
		A0000022 /* Resources */ = {
			isa = PBXResourcesBuildPhase;
			buildActionMask = 2147483647;
			files = (
				658407422E9E60E40050ED36 /* Assets.xcassets in Resources */,
			);
			runOnlyForDeploymentPostprocessing = 0;
		};
/* End PBXResourcesBuildPhase section */

/* Begin PBXSourcesBuildPhase section */
		A0000021 /* Sources */ = {
			isa = PBXSourcesBuildPhase;
			buildActionMask = 2147483647;
			files = (
				06A005911F2C4C4E94521C43 /* ModelDownloadManager.swift in Sources */,
				65E298CF2E985F120089FCD2 /* ModelDownloadView.swift in Sources */,
				35118592C1554398BD69950F /* ModelPickerView.swift in Sources */,
				6A0C1BFA4F44DD838079F711 /* SettingsView.swift in Sources */,
				MLXB0001 /* MLXSummarizationManager.swift in Sources */,
				MLXB0002 /* ModelDownloadState.swift in Sources */,
				LANGB001 /* TranscriptionLanguage.swift in Sources */,
				A0000001 /* LLMVoiceApp.swift in Sources */,
				A0000003 /* ContentView.swift in Sources */,
				6584073E2E9E60160050ED36 /* DeviceCapabilities.swift in Sources */,
				STRM0002 /* StreamingMetricsView.swift in Sources */,
				A0000007 /* Summary.swift in Sources */,
				16AEC88DF0C52C7881050A20 /* GenerationMetrics.swift in Sources */,
				653ADA712E9C02850053C11B /* ModelParameters.swift in Sources */,
				A0000009 /* AudioManager.swift in Sources */,
				A000000B /* TranscriptionManager.swift in Sources */,
				A000000D /* SummarizationManager.swift in Sources */,
				A000000F /* RecordingViewModel.swift in Sources */,
				A0000011 /* SummaryRow.swift in Sources */,
				A0000013 /* FloatingRecordButton.swift in Sources */,
				652886C02E996FD90023C018 /* MLXModelConfig.swift in Sources */,
			);
			runOnlyForDeploymentPostprocessing = 0;
		};
/* End PBXSourcesBuildPhase section */

/* Begin XCBuildConfiguration section */
		A0000025 /* Debug */ = {
			isa = XCBuildConfiguration;
			buildSettings = {
				ALWAYS_SEARCH_USER_PATHS = NO;
				ASSETCATALOG_COMPILER_GENERATE_SWIFT_ASSET_SYMBOL_EXTENSIONS = YES;
				CLANG_ANALYZER_NONNULL = YES;
				CLANG_ANALYZER_NUMBER_OBJECT_CONVERSION = YES_AGGRESSIVE;
				CLANG_CXX_LANGUAGE_STANDARD = "gnu++20";
				CLANG_ENABLE_MODULES = YES;
				CLANG_ENABLE_OBJC_ARC = YES;
				CLANG_ENABLE_OBJC_WEAK = YES;
				CLANG_WARN_BLOCK_CAPTURE_AUTORELEASING = YES;
				CLANG_WARN_BOOL_CONVERSION = YES;
				CLANG_WARN_COMMA = YES;
				CLANG_WARN_CONSTANT_CONVERSION = YES;
				CLANG_WARN_DEPRECATED_OBJC_IMPLEMENTATIONS = YES;
				CLANG_WARN_DIRECT_OBJC_ISA_USAGE = YES_ERROR;
				CLANG_WARN_DOCUMENTATION_COMMENTS = YES;
				CLANG_WARN_EMPTY_BODY = YES;
				CLANG_WARN_ENUM_CONVERSION = YES;
				CLANG_WARN_INFINITE_RECURSION = YES;
				CLANG_WARN_INT_CONVERSION = YES;
				CLANG_WARN_NON_LITERAL_NULL_CONVERSION = YES;
				CLANG_WARN_OBJC_IMPLICIT_RETAIN_SELF = YES;
				CLANG_WARN_OBJC_LITERAL_CONVERSION = YES;
				CLANG_WARN_OBJC_ROOT_CLASS = YES_ERROR;
				CLANG_WARN_QUOTED_INCLUDE_IN_FRAMEWORK_HEADER = YES;
				CLANG_WARN_RANGE_LOOP_ANALYSIS = YES;
				CLANG_WARN_STRICT_PROTOTYPES = YES;
				CLANG_WARN_SUSPICIOUS_MOVE = YES;
				CLANG_WARN_UNGUARDED_AVAILABILITY = YES_AGGRESSIVE;
				CLANG_WARN_UNREACHABLE_CODE = YES;
				CLANG_WARN__DUPLICATE_METHOD_MATCH = YES;
				COPY_PHASE_STRIP = NO;
				DEBUG_INFORMATION_FORMAT = dwarf;
				DEVELOPMENT_TEAM = D7K645D3Y5;
				ENABLE_STRICT_OBJC_MSGSEND = YES;
				ENABLE_TESTABILITY = YES;
				ENABLE_USER_SCRIPT_SANDBOXING = YES;
				GCC_C_LANGUAGE_STANDARD = gnu17;
				GCC_DYNAMIC_NO_PIC = NO;
				GCC_NO_COMMON_BLOCKS = YES;
				GCC_OPTIMIZATION_LEVEL = 0;
				GCC_PREPROCESSOR_DEFINITIONS = (
					"DEBUG=1",
					"$(inherited)",
				);
				GCC_WARN_64_TO_32_BIT_CONVERSION = YES;
				GCC_WARN_ABOUT_RETURN_TYPE = YES_ERROR;
				GCC_WARN_UNDECLARED_SELECTOR = YES;
				GCC_WARN_UNINITIALIZED_AUTOS = YES_AGGRESSIVE;
				GCC_WARN_UNUSED_FUNCTION = YES;
				GCC_WARN_UNUSED_VARIABLE = YES;
				IPHONEOS_DEPLOYMENT_TARGET = 18.0;
				LOCALIZATION_PREFERS_STRING_CATALOGS = YES;
				MTL_ENABLE_DEBUG_INFO = INCLUDE_SOURCE;
				MTL_FAST_MATH = YES;
				ONLY_ACTIVE_ARCH = YES;
				SDKROOT = iphoneos;
				STRING_CATALOG_GENERATE_SYMBOLS = YES;
				SWIFT_ACTIVE_COMPILATION_CONDITIONS = "DEBUG $(inherited)";
				SWIFT_OPTIMIZATION_LEVEL = "-Onone";
			};
			name = Debug;
		};
		A0000026 /* Release */ = {
			isa = XCBuildConfiguration;
			buildSettings = {
				ALWAYS_SEARCH_USER_PATHS = NO;
				ASSETCATALOG_COMPILER_GENERATE_SWIFT_ASSET_SYMBOL_EXTENSIONS = YES;
				CLANG_ANALYZER_NONNULL = YES;
				CLANG_ANALYZER_NUMBER_OBJECT_CONVERSION = YES_AGGRESSIVE;
				CLANG_CXX_LANGUAGE_STANDARD = "gnu++20";
				CLANG_ENABLE_MODULES = YES;
				CLANG_ENABLE_OBJC_ARC = YES;
				CLANG_ENABLE_OBJC_WEAK = YES;
				CLANG_WARN_BLOCK_CAPTURE_AUTORELEASING = YES;
				CLANG_WARN_BOOL_CONVERSION = YES;
				CLANG_WARN_COMMA = YES;
				CLANG_WARN_CONSTANT_CONVERSION = YES;
				CLANG_WARN_DEPRECATED_OBJC_IMPLEMENTATIONS = YES;
				CLANG_WARN_DIRECT_OBJC_ISA_USAGE = YES_ERROR;
				CLANG_WARN_DOCUMENTATION_COMMENTS = YES;
				CLANG_WARN_EMPTY_BODY = YES;
				CLANG_WARN_ENUM_CONVERSION = YES;
				CLANG_WARN_INFINITE_RECURSION = YES;
				CLANG_WARN_INT_CONVERSION = YES;
				CLANG_WARN_NON_LITERAL_NULL_CONVERSION = YES;
				CLANG_WARN_OBJC_IMPLICIT_RETAIN_SELF = YES;
				CLANG_WARN_OBJC_LITERAL_CONVERSION = YES;
				CLANG_WARN_OBJC_ROOT_CLASS = YES_ERROR;
				CLANG_WARN_QUOTED_INCLUDE_IN_FRAMEWORK_HEADER = YES;
				CLANG_WARN_RANGE_LOOP_ANALYSIS = YES;
				CLANG_WARN_STRICT_PROTOTYPES = YES;
				CLANG_WARN_SUSPICIOUS_MOVE = YES;
				CLANG_WARN_UNGUARDED_AVAILABILITY = YES_AGGRESSIVE;
				CLANG_WARN_UNREACHABLE_CODE = YES;
				CLANG_WARN__DUPLICATE_METHOD_MATCH = YES;
				COPY_PHASE_STRIP = NO;
				DEBUG_INFORMATION_FORMAT = "dwarf-with-dsym";
				DEVELOPMENT_TEAM = D7K645D3Y5;
				ENABLE_NS_ASSERTIONS = NO;
				ENABLE_STRICT_OBJC_MSGSEND = YES;
				ENABLE_USER_SCRIPT_SANDBOXING = YES;
				GCC_C_LANGUAGE_STANDARD = gnu17;
				GCC_NO_COMMON_BLOCKS = YES;
				GCC_WARN_64_TO_32_BIT_CONVERSION = YES;
				GCC_WARN_ABOUT_RETURN_TYPE = YES_ERROR;
				GCC_WARN_UNDECLARED_SELECTOR = YES;
				GCC_WARN_UNINITIALIZED_AUTOS = YES_AGGRESSIVE;
				GCC_WARN_UNUSED_FUNCTION = YES;
				GCC_WARN_UNUSED_VARIABLE = YES;
				IPHONEOS_DEPLOYMENT_TARGET = 18.0;
				LOCALIZATION_PREFERS_STRING_CATALOGS = YES;
				MTL_ENABLE_DEBUG_INFO = NO;
				MTL_FAST_MATH = YES;
				SDKROOT = iphoneos;
				STRING_CATALOG_GENERATE_SYMBOLS = YES;
				SWIFT_COMPILATION_MODE = wholemodule;
				VALIDATE_PRODUCT = YES;
			};
			name = Release;
		};
		A0000027 /* Debug */ = {
			isa = XCBuildConfiguration;
			buildSettings = {
				ASSETCATALOG_COMPILER_APPICON_NAME = AppIcon;
				ASSETCATALOG_COMPILER_GLOBAL_ACCENT_COLOR_NAME = AccentColor;
				CODE_SIGN_STYLE = Automatic;
				CURRENT_PROJECT_VERSION = 1;
				ENABLE_PREVIEWS = YES;
				GENERATE_INFOPLIST_FILE = NO;
				INFOPLIST_FILE = LLMVoice/Info.plist;
				INFOPLIST_KEY_LSApplicationCategoryType = "public.app-category.developer-tools";
				INFOPLIST_KEY_UIApplicationSceneManifest_Generation = YES;
				INFOPLIST_KEY_UIApplicationSupportsIndirectInputEvents = YES;
				INFOPLIST_KEY_UILaunchScreen_Generation = YES;
				INFOPLIST_KEY_UISupportedInterfaceOrientations = "UIInterfaceOrientationPortrait UIInterfaceOrientationLandscapeLeft UIInterfaceOrientationLandscapeRight";
				INFOPLIST_KEY_UISupportedInterfaceOrientations_iPad = "UIInterfaceOrientationPortrait UIInterfaceOrientationPortraitUpsideDown UIInterfaceOrientationLandscapeLeft UIInterfaceOrientationLandscapeRight";
				IPHONEOS_DEPLOYMENT_TARGET = 26.0;
				LD_RUNPATH_SEARCH_PATHS = (
					"$(inherited)",
					"@executable_path/Frameworks",
				);
				MARKETING_VERSION = 1.0;
				PRODUCT_BUNDLE_IDENTIFIER = dev.andrefrelicot.llmvoice;
				PRODUCT_NAME = "$(TARGET_NAME)";
				SUPPORTS_MACCATALYST = YES;
				SWIFT_EMIT_LOC_STRINGS = YES;
				SWIFT_VERSION = 6.0;
				TARGETED_DEVICE_FAMILY = "1,2";
			};
			name = Debug;
		};
		A0000028 /* Release */ = {
			isa = XCBuildConfiguration;
			buildSettings = {
				ASSETCATALOG_COMPILER_APPICON_NAME = AppIcon;
				ASSETCATALOG_COMPILER_GLOBAL_ACCENT_COLOR_NAME = AccentColor;
				CODE_SIGN_STYLE = Automatic;
				CURRENT_PROJECT_VERSION = 1;
				ENABLE_PREVIEWS = YES;
				GENERATE_INFOPLIST_FILE = NO;
				INFOPLIST_FILE = LLMVoice/Info.plist;
				INFOPLIST_KEY_LSApplicationCategoryType = "public.app-category.developer-tools";
				INFOPLIST_KEY_UIApplicationSceneManifest_Generation = YES;
				INFOPLIST_KEY_UIApplicationSupportsIndirectInputEvents = YES;
				INFOPLIST_KEY_UILaunchScreen_Generation = YES;
				INFOPLIST_KEY_UISupportedInterfaceOrientations = "UIInterfaceOrientationPortrait UIInterfaceOrientationLandscapeLeft UIInterfaceOrientationLandscapeRight";
				INFOPLIST_KEY_UISupportedInterfaceOrientations_iPad = "UIInterfaceOrientationPortrait UIInterfaceOrientationPortraitUpsideDown UIInterfaceOrientationLandscapeLeft UIInterfaceOrientationLandscapeRight";
				IPHONEOS_DEPLOYMENT_TARGET = 26.0;
				LD_RUNPATH_SEARCH_PATHS = (
					"$(inherited)",
					"@executable_path/Frameworks",
				);
				MARKETING_VERSION = 1.0;
				PRODUCT_BUNDLE_IDENTIFIER = dev.andrefrelicot.llmvoice;
				PRODUCT_NAME = "$(TARGET_NAME)";
				SUPPORTS_MACCATALYST = YES;
				SWIFT_EMIT_LOC_STRINGS = YES;
				SWIFT_VERSION = 6.0;
				TARGETED_DEVICE_FAMILY = "1,2";
			};
			name = Release;
		};
/* End XCBuildConfiguration section */

/* Begin XCConfigurationList section */
		A0000020 /* Build configuration list for PBXNativeTarget "LLMVoice" */ = {
			isa = XCConfigurationList;
			buildConfigurations = (
				A0000027 /* Debug */,
				A0000028 /* Release */,
			);
			defaultConfigurationIsVisible = 0;
			defaultConfigurationName = Release;
		};
		A0000024 /* Build configuration list for PBXProject "LLMVoice" */ = {
			isa = XCConfigurationList;
			buildConfigurations = (
				A0000025 /* Debug */,
				A0000026 /* Release */,
			);
			defaultConfigurationIsVisible = 0;
			defaultConfigurationName = Release;
		};
/* End XCConfigurationList section */

/* Begin XCRemoteSwiftPackageReference section */
		MLX00001 /* XCRemoteSwiftPackageReference "mlx-swift" */ = {
			isa = XCRemoteSwiftPackageReference;
			repositoryURL = "https://github.com/ml-explore/mlx-swift";
			requirement = {
				kind = upToNextMajorVersion;
				minimumVersion = 0.25.4;
			};
		};
		MLX00002 /* XCRemoteSwiftPackageReference "mlx-swift-examples" */ = {
			isa = XCRemoteSwiftPackageReference;
			repositoryURL = "https://github.com/ml-explore/mlx-swift-examples";
			requirement = {
				branch = main;
				kind = branch;
			};
		};
/* End XCRemoteSwiftPackageReference section */

/* Begin XCSwiftPackageProductDependency section */
		MLX00003 /* MLX */ = {
			isa = XCSwiftPackageProductDependency;
			package = MLX00001 /* XCRemoteSwiftPackageReference "mlx-swift" */;
			productName = MLX;
		};
		MLX00004 /* MLXLLM */ = {
			isa = XCSwiftPackageProductDependency;
			package = MLX00002 /* XCRemoteSwiftPackageReference "mlx-swift-examples" */;
			productName = MLXLLM;
		};
		MLX00005 /* MLXLMCommon */ = {
			isa = XCSwiftPackageProductDependency;
			package = MLX00002 /* XCRemoteSwiftPackageReference "mlx-swift-examples" */;
			productName = MLXLMCommon;
		};
/* End XCSwiftPackageProductDependency section */
	};
	rootObject = A0000023 /* Project object */;
}
